
Microsoft Visual Studio Solution File, Format Version 12.00
# Visual Studio Version 17
VisualStudioVersion = 17.0.32014.148
MinimumVisualStudioVersion = 10.0.40219.1
Project("{FAE04EC0-301F-11D3-BF4B-00C04F79EFBC}") = "FunctionFile", "FunctionFile\FunctionFile.csproj", "{A3614393-BC78-42EC-BA9A-B8446CFAE6CB}"
EndProject
Global
	GlobalSection(SolutionConfigurationPlatforms) = preSolution
		Debug|Any CPU = Debug|Any CPU
		Release|Any CPU = Release|Any CPU
	EndGlobalSection
	GlobalSection(ProjectConfigurationPlatforms) = postSolution
		{A3614393-BC78-42EC-BA9A-B8446CFAE6CB}.Debug|Any CPU.ActiveCfg = Debug|Any CPU
		{A3614393-BC78-42EC-BA9A-B8446CFAE6CB}.Debug|Any CPU.Build.0 = Debug|Any CPU
		{A3614393-BC78-42EC-BA9A-B8446CFAE6CB}.Release|Any CPU.ActiveCfg = Release|Any CPU
		{A3614393-BC78-42EC-BA9A-B8446CFAE6CB}.Release|Any CPU.Build.0 = Release|Any CPU
	EndGlobalSection
	GlobalSection(SolutionProperties) = preSolution
		HideSolutionNode = FALSE
	EndGlobalSection
	GlobalSection(ExtensibilityGlobals) = postSolution
		SolutionGuid = {DF461858-5DC2-4D4F-BCF1-72D283153D7B}
	EndGlobalSection
EndGlobal
